
Microsoft Visual Studio Solution File, Format Version 12.00
# Visual Studio Version 16
VisualStudioVersion = 16.0.30320.27
MinimumVisualStudioVersion = 10.0.40219.1
Project("{9A19103F-16F7-4668-BE54-9A1E7A4F7556}") = "NotesSyncApp", "NotesSyncApp\NotesSyncApp.csproj", "{66D2E32C-430F-4B17-9F78-7D9E380A3B5E}"
EndProject
Project("{FAE04EC0-301F-11D3-BF4B-00C04F79EFBC}") = "HtmlToRtfX", "HtmlToRtfX\HtmlToRtfX.csproj", "{0E12D1B5-EC91-4271-AC37-FF8E4BF825B6}"
EndProject
Global
	GlobalSection(SolutionConfigurationPlatforms) = preSolution
		Debug|Any CPU = Debug|Any CPU
		Release|Any CPU = Release|Any CPU
	EndGlobalSection
	GlobalSection(ProjectConfigurationPlatforms) = postSolution
		{66D2E32C-430F-4B17-9F78-7D9E380A3B5E}.Debug|Any CPU.ActiveCfg = Debug|Any CPU
		{66D2E32C-430F-4B17-9F78-7D9E380A3B5E}.Debug|Any CPU.Build.0 = Debug|Any CPU
		{66D2E32C-430F-4B17-9F78-7D9E380A3B5E}.Release|Any CPU.ActiveCfg = Release|Any CPU
		{66D2E32C-430F-4B17-9F78-7D9E380A3B5E}.Release|Any CPU.Build.0 = Release|Any CPU
		{0E12D1B5-EC91-4271-AC37-FF8E4BF825B6}.Debug|Any CPU.ActiveCfg = Debug|Any CPU
		{0E12D1B5-EC91-4271-AC37-FF8E4BF825B6}.Debug|Any CPU.Build.0 = Debug|Any CPU
		{0E12D1B5-EC91-4271-AC37-FF8E4BF825B6}.Release|Any CPU.ActiveCfg = Release|Any CPU
		{0E12D1B5-EC91-4271-AC37-FF8E4BF825B6}.Release|Any CPU.Build.0 = Release|Any CPU
	EndGlobalSection
	GlobalSection(SolutionProperties) = preSolution
		HideSolutionNode = FALSE
	EndGlobalSection
	GlobalSection(ExtensibilityGlobals) = postSolution
		SolutionGuid = {A9E588C5-5CA4-4AC7-9DB1-80018A7CD86F}
	EndGlobalSection
EndGlobal
